// !$*UTF8*$!
{
	archiveVersion = 1;
	classes = {
	};
	objectVersion = 50;
	objects = {

/* Begin PBXBuildFile section */
		9043AC3E23FA028A0082A1B7 /* Winner.swift in Sources */ = {isa = PBXBuildFile; fileRef = 9043AC3D23FA028A0082A1B7 /* Winner.swift */; };
		9043AC4023FA08310082A1B7 /* newback.wav in Resources */ = {isa = PBXBuildFile; fileRef = 9043AC3F23FA08310082A1B7 /* newback.wav */; };
		9043AC4223FA093D0082A1B7 /* trumpet.mp3 in Resources */ = {isa = PBXBuildFile; fileRef = 9043AC4123FA093D0082A1B7 /* trumpet.mp3 */; };
		9043AC4423FA0E8A0082A1B7 /* Winner.sks in Resources */ = {isa = PBXBuildFile; fileRef = 9043AC4323FA0E8A0082A1B7 /* Winner.sks */; };
		90A7E89723F9BD5D00203E02 /* Intro.sks in Resources */ = {isa = PBXBuildFile; fileRef = 90A7E89623F9BD5D00203E02 /* Intro.sks */; };
		90C543C123F4A27900B01E0E /* Sound.swift in Sources */ = {isa = PBXBuildFile; fileRef = 90C543C023F4A27900B01E0E /* Sound.swift */; };
		90C543C323F4A63400B01E0E /* backost.wav in Resources */ = {isa = PBXBuildFile; fileRef = 90C543C223F4A63400B01E0E /* backost.wav */; };
		90C543C523F4A78500B01E0E /* music.wav in Resources */ = {isa = PBXBuildFile; fileRef = 90C543C423F4A78500B01E0E /* music.wav */; };
		90DC0ABB23F0B87100FF9E22 /* AppDelegate.swift in Sources */ = {isa = PBXBuildFile; fileRef = 90DC0ABA23F0B87100FF9E22 /* AppDelegate.swift */; };
		90DC0ABD23F0B87100FF9E22 /* Level1.sks in Resources */ = {isa = PBXBuildFile; fileRef = 90DC0ABC23F0B87100FF9E22 /* Level1.sks */; };
		90DC0ABF23F0B87100FF9E22 /* Actions.sks in Resources */ = {isa = PBXBuildFile; fileRef = 90DC0ABE23F0B87100FF9E22 /* Actions.sks */; };
		90DC0AC123F0B87100FF9E22 /* GameScene.swift in Sources */ = {isa = PBXBuildFile; fileRef = 90DC0AC023F0B87100FF9E22 /* GameScene.swift */; };
		90DC0AC323F0B87100FF9E22 /* GameViewController.swift in Sources */ = {isa = PBXBuildFile; fileRef = 90DC0AC223F0B87100FF9E22 /* GameViewController.swift */; };
		90DC0AC623F0B87100FF9E22 /* Main.storyboard in Resources */ = {isa = PBXBuildFile; fileRef = 90DC0AC423F0B87100FF9E22 /* Main.storyboard */; };
		90DC0ACB23F0B87300FF9E22 /* LaunchScreen.storyboard in Resources */ = {isa = PBXBuildFile; fileRef = 90DC0AC923F0B87300FF9E22 /* LaunchScreen.storyboard */; };
		90DC0AD323F0D40500FF9E22 /* PlayerState.swift in Sources */ = {isa = PBXBuildFile; fileRef = 90DC0AD223F0D40500FF9E22 /* PlayerState.swift */; };
		90DC0AD523F0F53600FF9E22 /* Assets.xcassets in Resources */ = {isa = PBXBuildFile; fileRef = 90DC0AD423F0F53600FF9E22 /* Assets.xcassets */; };
		90DC0ADE23F4772800FF9E22 /* oxygenSound.wav in Resources */ = {isa = PBXBuildFile; fileRef = 90DC0AD723F4772800FF9E22 /* oxygenSound.wav */; };
		90DC0ADF23F4772800FF9E22 /* meteorFallingSound.m4a in Resources */ = {isa = PBXBuildFile; fileRef = 90DC0AD823F4772800FF9E22 /* meteorFallingSound.m4a */; };
		90DC0AE023F4772800FF9E22 /* levelUpSound.wav in Resources */ = {isa = PBXBuildFile; fileRef = 90DC0AD923F4772800FF9E22 /* levelUpSound.wav */; };
		90DC0AE123F4772800FF9E22 /* meteorFallingSound.wav in Resources */ = {isa = PBXBuildFile; fileRef = 90DC0ADA23F4772800FF9E22 /* meteorFallingSound.wav */; };
		90DC0AE223F4772800FF9E22 /* jumpSound.wav in Resources */ = {isa = PBXBuildFile; fileRef = 90DC0ADB23F4772800FF9E22 /* jumpSound.wav */; };
		90DC0AE323F4772800FF9E22 /* hitSound.wav in Resources */ = {isa = PBXBuildFile; fileRef = 90DC0ADC23F4772800FF9E22 /* hitSound.wav */; };
		90DC0AE623F477E700FF9E22 /* GameOver.sks in Resources */ = {isa = PBXBuildFile; fileRef = 90DC0AE523F477E700FF9E22 /* GameOver.sks */; };
		90DC0AE823F4781A00FF9E22 /* GameOver.swift in Sources */ = {isa = PBXBuildFile; fileRef = 90DC0AE723F4781A00FF9E22 /* GameOver.swift */; };
		90DC0AEA23F4795200FF9E22 /* Level1.swift in Sources */ = {isa = PBXBuildFile; fileRef = 90DC0AE923F4795200FF9E22 /* Level1.swift */; };
		90DC0AEC23F47B9400FF9E22 /* Level2.swift in Sources */ = {isa = PBXBuildFile; fileRef = 90DC0AEB23F47B9400FF9E22 /* Level2.swift */; };
		90DC0AEE23F47BBF00FF9E22 /* Level2.sks in Resources */ = {isa = PBXBuildFile; fileRef = 90DC0AED23F47BBF00FF9E22 /* Level2.sks */; };
		90FB551223F9C69C00FE4E40 /* Intro.swift in Sources */ = {isa = PBXBuildFile; fileRef = 90FB551123F9C69C00FE4E40 /* Intro.swift */; };
/* End PBXBuildFile section */

/* Begin PBXFileReference section */
		9043AC3D23FA028A0082A1B7 /* Winner.swift */ = {isa = PBXFileReference; lastKnownFileType = sourcecode.swift; path = Winner.swift; sourceTree = "<group>"; };
		9043AC3F23FA08310082A1B7 /* newback.wav */ = {isa = PBXFileReference; lastKnownFileType = audio.wav; path = newback.wav; sourceTree = "<group>"; };
		9043AC4123FA093D0082A1B7 /* trumpet.mp3 */ = {isa = PBXFileReference; lastKnownFileType = audio.mp3; path = trumpet.mp3; sourceTree = "<group>"; };
		9043AC4323FA0E8A0082A1B7 /* Winner.sks */ = {isa = PBXFileReference; lastKnownFileType = file.sks; path = Winner.sks; sourceTree = "<group>"; };
		90A7E89623F9BD5D00203E02 /* Intro.sks */ = {isa = PBXFileReference; lastKnownFileType = file.sks; path = Intro.sks; sourceTree = "<group>"; };
		90C543C023F4A27900B01E0E /* Sound.swift */ = {isa = PBXFileReference; lastKnownFileType = sourcecode.swift; path = Sound.swift; sourceTree = "<group>"; };
		90C543C223F4A63400B01E0E /* backost.wav */ = {isa = PBXFileReference; lastKnownFileType = audio.wav; path = backost.wav; sourceTree = "<group>"; };
		90C543C423F4A78500B01E0E /* music.wav */ = {isa = PBXFileReference; lastKnownFileType = audio.wav; path = music.wav; sourceTree = "<group>"; };
		90DC0AB723F0B87100FF9E22 /* SpaceJump.app */ = {isa = PBXFileReference; explicitFileType = wrapper.application; includeInIndex = 0; path = SpaceJump.app; sourceTree = BUILT_PRODUCTS_DIR; };
		90DC0ABA23F0B87100FF9E22 /* AppDelegate.swift */ = {isa = PBXFileReference; lastKnownFileType = sourcecode.swift; path = AppDelegate.swift; sourceTree = "<group>"; };
		90DC0ABC23F0B87100FF9E22 /* Level1.sks */ = {isa = PBXFileReference; lastKnownFileType = file.sks; path = Level1.sks; sourceTree = "<group>"; };
		90DC0ABE23F0B87100FF9E22 /* Actions.sks */ = {isa = PBXFileReference; lastKnownFileType = file.sks; path = Actions.sks; sourceTree = "<group>"; };
		90DC0AC023F0B87100FF9E22 /* GameScene.swift */ = {isa = PBXFileReference; lastKnownFileType = sourcecode.swift; path = GameScene.swift; sourceTree = "<group>"; };
		90DC0AC223F0B87100FF9E22 /* GameViewController.swift */ = {isa = PBXFileReference; lastKnownFileType = sourcecode.swift; path = GameViewController.swift; sourceTree = "<group>"; };
		90DC0AC523F0B87100FF9E22 /* Base */ = {isa = PBXFileReference; lastKnownFileType = file.storyboard; name = Base; path = Base.lproj/Main.storyboard; sourceTree = "<group>"; };
		90DC0ACA23F0B87300FF9E22 /* Base */ = {isa = PBXFileReference; lastKnownFileType = file.storyboard; name = Base; path = Base.lproj/LaunchScreen.storyboard; sourceTree = "<group>"; };
		90DC0ACC23F0B87300FF9E22 /* Info.plist */ = {isa = PBXFileReference; lastKnownFileType = text.plist.xml; path = Info.plist; sourceTree = "<group>"; };
		90DC0AD223F0D40500FF9E22 /* PlayerState.swift */ = {isa = PBXFileReference; lastKnownFileType = sourcecode.swift; path = PlayerState.swift; sourceTree = "<group>"; };
		90DC0AD423F0F53600FF9E22 /* Assets.xcassets */ = {isa = PBXFileReference; lastKnownFileType = folder.assetcatalog; path = Assets.xcassets; sourceTree = "<group>"; };
		90DC0AD723F4772800FF9E22 /* oxygenSound.wav */ = {isa = PBXFileReference; lastKnownFileType = audio.wav; path = oxygenSound.wav; sourceTree = "<group>"; };
		90DC0AD823F4772800FF9E22 /* meteorFallingSound.m4a */ = {isa = PBXFileReference; lastKnownFileType = file; path = meteorFallingSound.m4a; sourceTree = "<group>"; };
		90DC0AD923F4772800FF9E22 /* levelUpSound.wav */ = {isa = PBXFileReference; lastKnownFileType = audio.wav; path = levelUpSound.wav; sourceTree = "<group>"; };
		90DC0ADA23F4772800FF9E22 /* meteorFallingSound.wav */ = {isa = PBXFileReference; lastKnownFileType = audio.wav; path = meteorFallingSound.wav; sourceTree = "<group>"; };
		90DC0ADB23F4772800FF9E22 /* jumpSound.wav */ = {isa = PBXFileReference; lastKnownFileType = audio.wav; path = jumpSound.wav; sourceTree = "<group>"; };
		90DC0ADC23F4772800FF9E22 /* hitSound.wav */ = {isa = PBXFileReference; lastKnownFileType = audio.wav; path = hitSound.wav; sourceTree = "<group>"; };
		90DC0AE523F477E700FF9E22 /* GameOver.sks */ = {isa = PBXFileReference; lastKnownFileType = file.sks; path = GameOver.sks; sourceTree = "<group>"; };
		90DC0AE723F4781A00FF9E22 /* GameOver.swift */ = {isa = PBXFileReference; lastKnownFileType = sourcecode.swift; path = GameOver.swift; sourceTree = "<group>"; };
		90DC0AE923F4795200FF9E22 /* Level1.swift */ = {isa = PBXFileReference; lastKnownFileType = sourcecode.swift; path = Level1.swift; sourceTree = "<group>"; };
		90DC0AEB23F47B9400FF9E22 /* Level2.swift */ = {isa = PBXFileReference; lastKnownFileType = sourcecode.swift; path = Level2.swift; sourceTree = "<group>"; };
		90DC0AED23F47BBF00FF9E22 /* Level2.sks */ = {isa = PBXFileReference; lastKnownFileType = file.sks; path = Level2.sks; sourceTree = "<group>"; };
		90FB551123F9C69C00FE4E40 /* Intro.swift */ = {isa = PBXFileReference; lastKnownFileType = sourcecode.swift; path = Intro.swift; sourceTree = "<group>"; };
/* End PBXFileReference section */

/* Begin PBXFrameworksBuildPhase section */
		90DC0AB423F0B87100FF9E22 /* Frameworks */ = {
			isa = PBXFrameworksBuildPhase;
			buildActionMask = 2147483647;
			files = (
			);
			runOnlyForDeploymentPostprocessing = 0;
		};
/* End PBXFrameworksBuildPhase section */

/* Begin PBXGroup section */
		90DC0AAE23F0B87100FF9E22 = {
			isa = PBXGroup;
			children = (
				90DC0AB923F0B87100FF9E22 /* PKH-SpaceJump */,
				90DC0AB823F0B87100FF9E22 /* Products */,
			);
			sourceTree = "<group>";
		};
		90DC0AB823F0B87100FF9E22 /* Products */ = {
			isa = PBXGroup;
			children = (
				90DC0AB723F0B87100FF9E22 /* SpaceJump.app */,
			);
			name = Products;
			sourceTree = "<group>";
		};
		90DC0AB923F0B87100FF9E22 /* PKH-SpaceJump */ = {
			isa = PBXGroup;
			children = (
				90DC0ABA23F0B87100FF9E22 /* AppDelegate.swift */,
				90DC0AC223F0B87100FF9E22 /* GameViewController.swift */,
				90DC0AC023F0B87100FF9E22 /* GameScene.swift */,
				90DC0AD223F0D40500FF9E22 /* PlayerState.swift */,
				90C543C023F4A27900B01E0E /* Sound.swift */,
				90A7E89623F9BD5D00203E02 /* Intro.sks */,
				90FB551123F9C69C00FE4E40 /* Intro.swift */,
				90DC0AE923F4795200FF9E22 /* Level1.swift */,
				90DC0ABC23F0B87100FF9E22 /* Level1.sks */,
				90DC0AEB23F47B9400FF9E22 /* Level2.swift */,
				90DC0AED23F47BBF00FF9E22 /* Level2.sks */,
				90DC0AE723F4781A00FF9E22 /* GameOver.swift */,
				90DC0AE523F477E700FF9E22 /* GameOver.sks */,
				9043AC3D23FA028A0082A1B7 /* Winner.swift */,
				9043AC4323FA0E8A0082A1B7 /* Winner.sks */,
				90DC0ABE23F0B87100FF9E22 /* Actions.sks */,
				90DC0AD423F0F53600FF9E22 /* Assets.xcassets */,
				90DC0AD623F4772800FF9E22 /* audio */,
				90DC0AC423F0B87100FF9E22 /* Main.storyboard */,
				90DC0AC923F0B87300FF9E22 /* LaunchScreen.storyboard */,
				90DC0ACC23F0B87300FF9E22 /* Info.plist */,
			);
			path = "PKH-SpaceJump";
			sourceTree = "<group>";
		};
		90DC0AD623F4772800FF9E22 /* audio */ = {
			isa = PBXGroup;
			children = (
				90DC0AD723F4772800FF9E22 /* oxygenSound.wav */,
				9043AC3F23FA08310082A1B7 /* newback.wav */,
				9043AC4123FA093D0082A1B7 /* trumpet.mp3 */,
				90DC0AD823F4772800FF9E22 /* meteorFallingSound.m4a */,
				90DC0AD923F4772800FF9E22 /* levelUpSound.wav */,
				90C543C423F4A78500B01E0E /* music.wav */,
				90DC0ADA23F4772800FF9E22 /* meteorFallingSound.wav */,
				90C543C223F4A63400B01E0E /* backost.wav */,
				90DC0ADB23F4772800FF9E22 /* jumpSound.wav */,
				90DC0ADC23F4772800FF9E22 /* hitSound.wav */,
			);
			path = audio;
			sourceTree = "<group>";
		};
/* End PBXGroup section */

/* Begin PBXNativeTarget section */
		90DC0AB623F0B87100FF9E22 /* PKH-SpaceJump */ = {
			isa = PBXNativeTarget;
			buildConfigurationList = 90DC0ACF23F0B87300FF9E22 /* Build configuration list for PBXNativeTarget "PKH-SpaceJump" */;
			buildPhases = (
				90DC0AB323F0B87100FF9E22 /* Sources */,
				90DC0AB423F0B87100FF9E22 /* Frameworks */,
				90DC0AB523F0B87100FF9E22 /* Resources */,
			);
			buildRules = (
			);
			dependencies = (
			);
			name = "PKH-SpaceJump";
			productName = "PKH-SpaceJump";
			productReference = 90DC0AB723F0B87100FF9E22 /* SpaceJump.app */;
			productType = "com.apple.product-type.application";
		};
/* End PBXNativeTarget section */

/* Begin PBXProject section */
		90DC0AAF23F0B87100FF9E22 /* Project object */ = {
			isa = PBXProject;
			attributes = {
				LastSwiftUpdateCheck = 1130;
				LastUpgradeCheck = 1130;
				ORGANIZATIONNAME = "Hemanth Kotla";
				TargetAttributes = {
					90DC0AB623F0B87100FF9E22 = {
						CreatedOnToolsVersion = 11.3.1;
					};
				};
			};
			buildConfigurationList = 90DC0AB223F0B87100FF9E22 /* Build configuration list for PBXProject "PKH-SpaceJump" */;
			compatibilityVersion = "Xcode 9.3";
			developmentRegion = en;
			hasScannedForEncodings = 0;
			knownRegions = (
				en,
				Base,
			);
			mainGroup = 90DC0AAE23F0B87100FF9E22;
			productRefGroup = 90DC0AB823F0B87100FF9E22 /* Products */;
			projectDirPath = "";
			projectRoot = "";
			targets = (
				90DC0AB623F0B87100FF9E22 /* PKH-SpaceJump */,
			);
		};
/* End PBXProject section */

/* Begin PBXResourcesBuildPhase section */
		90DC0AB523F0B87100FF9E22 /* Resources */ = {
			isa = PBXResourcesBuildPhase;
			buildActionMask = 2147483647;
			files = (
				9043AC4023FA08310082A1B7 /* newback.wav in Resources */,
				90DC0AC623F0B87100FF9E22 /* Main.storyboard in Resources */,
				90DC0ADF23F4772800FF9E22 /* meteorFallingSound.m4a in Resources */,
				90C543C323F4A63400B01E0E /* backost.wav in Resources */,
				90DC0AE023F4772800FF9E22 /* levelUpSound.wav in Resources */,
				90A7E89723F9BD5D00203E02 /* Intro.sks in Resources */,
				90DC0ADE23F4772800FF9E22 /* oxygenSound.wav in Resources */,
				90DC0ABD23F0B87100FF9E22 /* Level1.sks in Resources */,
				90DC0AEE23F47BBF00FF9E22 /* Level2.sks in Resources */,
				90DC0AE123F4772800FF9E22 /* meteorFallingSound.wav in Resources */,
				90DC0AE623F477E700FF9E22 /* GameOver.sks in Resources */,
				90DC0ACB23F0B87300FF9E22 /* LaunchScreen.storyboard in Resources */,
				90DC0ABF23F0B87100FF9E22 /* Actions.sks in Resources */,
				9043AC4223FA093D0082A1B7 /* trumpet.mp3 in Resources */,
				90C543C523F4A78500B01E0E /* music.wav in Resources */,
				9043AC4423FA0E8A0082A1B7 /* Winner.sks in Resources */,
				90DC0AE223F4772800FF9E22 /* jumpSound.wav in Resources */,
				90DC0AE323F4772800FF9E22 /* hitSound.wav in Resources */,
				90DC0AD523F0F53600FF9E22 /* Assets.xcassets in Resources */,
			);
			runOnlyForDeploymentPostprocessing = 0;
		};
/* End PBXResourcesBuildPhase section */

/* Begin PBXSourcesBuildPhase section */
		90DC0AB323F0B87100FF9E22 /* Sources */ = {
			isa = PBXSourcesBuildPhase;
			buildActionMask = 2147483647;
			files = (
				90DC0AEA23F4795200FF9E22 /* Level1.swift in Sources */,
				90DC0AC123F0B87100FF9E22 /* GameScene.swift in Sources */,
				90FB551223F9C69C00FE4E40 /* Intro.swift in Sources */,
				90DC0AE823F4781A00FF9E22 /* GameOver.swift in Sources */,
				9043AC3E23FA028A0082A1B7 /* Winner.swift in Sources */,
				90DC0AC323F0B87100FF9E22 /* GameViewController.swift in Sources */,
				90DC0AD323F0D40500FF9E22 /* PlayerState.swift in Sources */,
				90DC0AEC23F47B9400FF9E22 /* Level2.swift in Sources */,
				90DC0ABB23F0B87100FF9E22 /* AppDelegate.swift in Sources */,
				90C543C123F4A27900B01E0E /* Sound.swift in Sources */,
			);
			runOnlyForDeploymentPostprocessing = 0;
		};
/* End PBXSourcesBuildPhase section */

/* Begin PBXVariantGroup section */
		90DC0AC423F0B87100FF9E22 /* Main.storyboard */ = {
			isa = PBXVariantGroup;
			children = (
				90DC0AC523F0B87100FF9E22 /* Base */,
			);
			name = Main.storyboard;
			sourceTree = "<group>";
		};
		90DC0AC923F0B87300FF9E22 /* LaunchScreen.storyboard */ = {
			isa = PBXVariantGroup;
			children = (
				90DC0ACA23F0B87300FF9E22 /* Base */,
			);
			name = LaunchScreen.storyboard;
			sourceTree = "<group>";
		};
/* End PBXVariantGroup section */

/* Begin XCBuildConfiguration section */
		90DC0ACD23F0B87300FF9E22 /* Debug */ = {
			isa = XCBuildConfiguration;
			buildSettings = {
				ALWAYS_SEARCH_USER_PATHS = NO;
				CLANG_ANALYZER_NONNULL = YES;
				CLANG_ANALYZER_NUMBER_OBJECT_CONVERSION = YES_AGGRESSIVE;
				CLANG_CXX_LANGUAGE_STANDARD = "gnu++14";
				CLANG_CXX_LIBRARY = "libc++";
				CLANG_ENABLE_MODULES = YES;
				CLANG_ENABLE_OBJC_ARC = YES;
				CLANG_ENABLE_OBJC_WEAK = YES;
				CLANG_WARN_BLOCK_CAPTURE_AUTORELEASING = YES;
				CLANG_WARN_BOOL_CONVERSION = YES;
				CLANG_WARN_COMMA = YES;
				CLANG_WARN_CONSTANT_CONVERSION = YES;
				CLANG_WARN_DEPRECATED_OBJC_IMPLEMENTATIONS = YES;
				CLANG_WARN_DIRECT_OBJC_ISA_USAGE = YES_ERROR;
				CLANG_WARN_DOCUMENTATION_COMMENTS = YES;
				CLANG_WARN_EMPTY_BODY = YES;
				CLANG_WARN_ENUM_CONVERSION = YES;
				CLANG_WARN_INFINITE_RECURSION = YES;
				CLANG_WARN_INT_CONVERSION = YES;
				CLANG_WARN_NON_LITERAL_NULL_CONVERSION = YES;
				CLANG_WARN_OBJC_IMPLICIT_RETAIN_SELF = YES;
				CLANG_WARN_OBJC_LITERAL_CONVERSION = YES;
				CLANG_WARN_OBJC_ROOT_CLASS = YES_ERROR;
				CLANG_WARN_RANGE_LOOP_ANALYSIS = YES;
				CLANG_WARN_STRICT_PROTOTYPES = YES;
				CLANG_WARN_SUSPICIOUS_MOVE = YES;
				CLANG_WARN_UNGUARDED_AVAILABILITY = YES_AGGRESSIVE;
				CLANG_WARN_UNREACHABLE_CODE = YES;
				CLANG_WARN__DUPLICATE_METHOD_MATCH = YES;
				COPY_PHASE_STRIP = NO;
				DEBUG_INFORMATION_FORMAT = dwarf;
				ENABLE_STRICT_OBJC_MSGSEND = YES;
				ENABLE_TESTABILITY = YES;
				GCC_C_LANGUAGE_STANDARD = gnu11;
				GCC_DYNAMIC_NO_PIC = NO;
				GCC_NO_COMMON_BLOCKS = YES;
				GCC_OPTIMIZATION_LEVEL = 0;
				GCC_PREPROCESSOR_DEFINITIONS = (
					"DEBUG=1",
					"$(inherited)",
				);
				GCC_WARN_64_TO_32_BIT_CONVERSION = YES;
				GCC_WARN_ABOUT_RETURN_TYPE = YES_ERROR;
				GCC_WARN_UNDECLARED_SELECTOR = YES;
				GCC_WARN_UNINITIALIZED_AUTOS = YES_AGGRESSIVE;
				GCC_WARN_UNUSED_FUNCTION = YES;
				GCC_WARN_UNUSED_VARIABLE = YES;
				IPHONEOS_DEPLOYMENT_TARGET = 13.2;
				MTL_ENABLE_DEBUG_INFO = INCLUDE_SOURCE;
				MTL_FAST_MATH = YES;
				ONLY_ACTIVE_ARCH = YES;
				SDKROOT = iphoneos;
				SWIFT_ACTIVE_COMPILATION_CONDITIONS = DEBUG;
				SWIFT_OPTIMIZATION_LEVEL = "-Onone";
			};
			name = Debug;
		};
		90DC0ACE23F0B87300FF9E22 /* Release */ = {
			isa = XCBuildConfiguration;
			buildSettings = {
				ALWAYS_SEARCH_USER_PATHS = NO;
				CLANG_ANALYZER_NONNULL = YES;
				CLANG_ANALYZER_NUMBER_OBJECT_CONVERSION = YES_AGGRESSIVE;
				CLANG_CXX_LANGUAGE_STANDARD = "gnu++14";
				CLANG_CXX_LIBRARY = "libc++";
				CLANG_ENABLE_MODULES = YES;
				CLANG_ENABLE_OBJC_ARC = YES;
				CLANG_ENABLE_OBJC_WEAK = YES;
				CLANG_WARN_BLOCK_CAPTURE_AUTORELEASING = YES;
				CLANG_WARN_BOOL_CONVERSION = YES;
				CLANG_WARN_COMMA = YES;
				CLANG_WARN_CONSTANT_CONVERSION = YES;
				CLANG_WARN_DEPRECATED_OBJC_IMPLEMENTATIONS = YES;
				CLANG_WARN_DIRECT_OBJC_ISA_USAGE = YES_ERROR;
				CLANG_WARN_DOCUMENTATION_COMMENTS = YES;
				CLANG_WARN_EMPTY_BODY = YES;
				CLANG_WARN_ENUM_CONVERSION = YES;
				CLANG_WARN_INFINITE_RECURSION = YES;
				CLANG_WARN_INT_CONVERSION = YES;
				CLANG_WARN_NON_LITERAL_NULL_CONVERSION = YES;
				CLANG_WARN_OBJC_IMPLICIT_RETAIN_SELF = YES;
				CLANG_WARN_OBJC_LITERAL_CONVERSION = YES;
				CLANG_WARN_OBJC_ROOT_CLASS = YES_ERROR;
				CLANG_WARN_RANGE_LOOP_ANALYSIS = YES;
				CLANG_WARN_STRICT_PROTOTYPES = YES;
				CLANG_WARN_SUSPICIOUS_MOVE = YES;
				CLANG_WARN_UNGUARDED_AVAILABILITY = YES_AGGRESSIVE;
				CLANG_WARN_UNREACHABLE_CODE = YES;
				CLANG_WARN__DUPLICATE_METHOD_MATCH = YES;
				COPY_PHASE_STRIP = NO;
				DEBUG_INFORMATION_FORMAT = "dwarf-with-dsym";
				ENABLE_NS_ASSERTIONS = NO;
				ENABLE_STRICT_OBJC_MSGSEND = YES;
				GCC_C_LANGUAGE_STANDARD = gnu11;
				GCC_NO_COMMON_BLOCKS = YES;
				GCC_WARN_64_TO_32_BIT_CONVERSION = YES;
				GCC_WARN_ABOUT_RETURN_TYPE = YES_ERROR;
				GCC_WARN_UNDECLARED_SELECTOR = YES;
				GCC_WARN_UNINITIALIZED_AUTOS = YES_AGGRESSIVE;
				GCC_WARN_UNUSED_FUNCTION = YES;
				GCC_WARN_UNUSED_VARIABLE = YES;
				IPHONEOS_DEPLOYMENT_TARGET = 13.2;
				MTL_ENABLE_DEBUG_INFO = NO;
				MTL_FAST_MATH = YES;
				SDKROOT = iphoneos;
				SWIFT_COMPILATION_MODE = wholemodule;
				SWIFT_OPTIMIZATION_LEVEL = "-O";
				VALIDATE_PRODUCT = YES;
			};
			name = Release;
		};
		90DC0AD023F0B87300FF9E22 /* Debug */ = {
			isa = XCBuildConfiguration;
			buildSettings = {
				ASSETCATALOG_COMPILER_APPICON_NAME = AppIcon;
				CODE_SIGN_STYLE = Automatic;
				DEVELOPMENT_TEAM = 2BULHRS882;
				INFOPLIST_FILE = "PKH-SpaceJump/Info.plist";
				LD_RUNPATH_SEARCH_PATHS = (
					"$(inherited)",
					"@executable_path/Frameworks",
				);
				PRODUCT_BUNDLE_IDENTIFIER = "com.hemanth.PKH-SpaceJump";
				PRODUCT_NAME = SpaceJump;
				SWIFT_VERSION = 5.0;
				TARGETED_DEVICE_FAMILY = 1;
			};
			name = Debug;
		};
		90DC0AD123F0B87300FF9E22 /* Release */ = {
			isa = XCBuildConfiguration;
			buildSettings = {
				ASSETCATALOG_COMPILER_APPICON_NAME = AppIcon;
				CODE_SIGN_STYLE = Automatic;
				DEVELOPMENT_TEAM = 2BULHRS882;
				INFOPLIST_FILE = "PKH-SpaceJump/Info.plist";
				LD_RUNPATH_SEARCH_PATHS = (
					"$(inherited)",
					"@executable_path/Frameworks",
				);
				PRODUCT_BUNDLE_IDENTIFIER = "com.hemanth.PKH-SpaceJump";
				PRODUCT_NAME = SpaceJump;
				SWIFT_VERSION = 5.0;
				TARGETED_DEVICE_FAMILY = 1;
			};
			name = Release;
		};
/* End XCBuildConfiguration section */

/* Begin XCConfigurationList section */
		90DC0AB223F0B87100FF9E22 /* Build configuration list for PBXProject "PKH-SpaceJump" */ = {
			isa = XCConfigurationList;
			buildConfigurations = (
				90DC0ACD23F0B87300FF9E22 /* Debug */,
				90DC0ACE23F0B87300FF9E22 /* Release */,
			);
			defaultConfigurationIsVisible = 0;
			defaultConfigurationName = Release;
		};
		90DC0ACF23F0B87300FF9E22 /* Build configuration list for PBXNativeTarget "PKH-SpaceJump" */ = {
			isa = XCConfigurationList;
			buildConfigurations = (
				90DC0AD023F0B87300FF9E22 /* Debug */,
				90DC0AD123F0B87300FF9E22 /* Release */,
			);
			defaultConfigurationIsVisible = 0;
			defaultConfigurationName = Release;
		};
/* End XCConfigurationList section */
	};
	rootObject = 90DC0AAF23F0B87100FF9E22 /* Project object */;
}
